// !$*UTF8*$!
{
	archiveVersion = 1;
	classes = {
	};
	objectVersion = 77;
	objects = {

/* Begin PBXBuildFile section */
		C1A5EDA52D3BE2B5007E3F74 /* GoogleSignIn in Frameworks */ = {isa = PBXBuildFile; productRef = C1A5EDA42D3BE2B5007E3F74 /* GoogleSignIn */; };
		C1A5EDA72D3BE2B5007E3F74 /* GoogleSignInSwift in Frameworks */ = {isa = PBXBuildFile; productRef = C1A5EDA62D3BE2B5007E3F74 /* GoogleSignInSwift */; };
		C1A5EDDE2D3BFBBC007E3F74 /* GoogleAPIClientForRESTCore in Frameworks */ = {isa = PBXBuildFile; productRef = C1A5EDDD2D3BFBBC007E3F74 /* GoogleAPIClientForRESTCore */; };
		C1A5EDE02D3BFBBC007E3F74 /* GoogleAPIClientForREST_ACMEDNS in Frameworks */ = {isa = PBXBuildFile; productRef = C1A5EDDF2D3BFBBC007E3F74 /* GoogleAPIClientForREST_ACMEDNS */; };
		C1A5EDE22D3BFBBC007E3F74 /* GoogleAPIClientForREST_AIPlatformNotebooks in Frameworks */ = {isa = PBXBuildFile; productRef = C1A5EDE12D3BFBBC007E3F74 /* GoogleAPIClientForREST_AIPlatformNotebooks */; };
		C1A5EDE42D3BFBBC007E3F74 /* GoogleAPIClientForREST_APIGateway in Frameworks */ = {isa = PBXBuildFile; productRef = C1A5EDE32D3BFBBC007E3F74 /* GoogleAPIClientForREST_APIGateway */; };
		C1A5EDE62D3BFBBC007E3F74 /* GoogleAPIClientForREST_APIManagement in Frameworks */ = {isa = PBXBuildFile; productRef = C1A5EDE52D3BFBBC007E3F74 /* GoogleAPIClientForREST_APIManagement */; };
/* End PBXBuildFile section */

/* Begin PBXFileReference section */
		C12025D12D37FAB900B453B5 /* LogisticsApp.app */ = {isa = PBXFileReference; explicitFileType = wrapper.application; includeInIndex = 0; path = LogisticsApp.app; sourceTree = BUILT_PRODUCTS_DIR; };
		C1E37DC02D382C54006DDA7A /* LogisticsApp copy-Info.plist */ = {isa = PBXFileReference; lastKnownFileType = text.plist.xml; name = "LogisticsApp copy-Info.plist"; path = "/Users/beqa/Desktop/LogisticApp/LogisticsApp/LogisticsApp copy-Info.plist"; sourceTree = "<absolute>"; };
/* End PBXFileReference section */

/* Begin PBXFileSystemSynchronizedBuildFileExceptionSet section */
		C12025E32D37FABD00B453B5 /* Exceptions for "LogisticsApp" folder in "LogisticsApp" target */ = {
			isa = PBXFileSystemSynchronizedBuildFileExceptionSet;
			membershipExceptions = (
				Info.plist,
			);
			target = C12025D02D37FAB900B453B5 /* LogisticsApp */;
		};
/* End PBXFileSystemSynchronizedBuildFileExceptionSet section */

/* Begin PBXFileSystemSynchronizedRootGroup section */
		C12025D32D37FAB900B453B5 /* LogisticsApp */ = {
			isa = PBXFileSystemSynchronizedRootGroup;
			exceptions = (
				C12025E32D37FABD00B453B5 /* Exceptions for "LogisticsApp" folder in "LogisticsApp" target */,
			);
			path = LogisticsApp;
			sourceTree = "<group>";
		};
/* End PBXFileSystemSynchronizedRootGroup section */

/* Begin PBXFrameworksBuildPhase section */
		C12025CE2D37FAB900B453B5 /* Frameworks */ = {
			isa = PBXFrameworksBuildPhase;
			buildActionMask = 2147483647;
			files = (
				C1A5EDA52D3BE2B5007E3F74 /* GoogleSignIn in Frameworks */,
				C1A5EDE62D3BFBBC007E3F74 /* GoogleAPIClientForREST_APIManagement in Frameworks */,
				C1A5EDE42D3BFBBC007E3F74 /* GoogleAPIClientForREST_APIGateway in Frameworks */,
				C1A5EDDE2D3BFBBC007E3F74 /* GoogleAPIClientForRESTCore in Frameworks */,
				C1A5EDE22D3BFBBC007E3F74 /* GoogleAPIClientForREST_AIPlatformNotebooks in Frameworks */,
				C1A5EDA72D3BE2B5007E3F74 /* GoogleSignInSwift in Frameworks */,
				C1A5EDE02D3BFBBC007E3F74 /* GoogleAPIClientForREST_ACMEDNS in Frameworks */,
			);
			runOnlyForDeploymentPostprocessing = 0;
		};
/* End PBXFrameworksBuildPhase section */

/* Begin PBXGroup section */
		C12025C82D37FAB900B453B5 = {
			isa = PBXGroup;
			children = (
				C12025D32D37FAB900B453B5 /* LogisticsApp */,
				C1E37DC02D382C54006DDA7A /* LogisticsApp copy-Info.plist */,
				C12025D22D37FAB900B453B5 /* Products */,
			);
			sourceTree = "<group>";
		};
		C12025D22D37FAB900B453B5 /* Products */ = {
			isa = PBXGroup;
			children = (
				C12025D12D37FAB900B453B5 /* LogisticsApp.app */,
			);
			name = Products;
			sourceTree = "<group>";
		};
/* End PBXGroup section */

/* Begin PBXNativeTarget section */
		C12025D02D37FAB900B453B5 /* LogisticsApp */ = {
			isa = PBXNativeTarget;
			buildConfigurationList = C12025E42D37FABD00B453B5 /* Build configuration list for PBXNativeTarget "LogisticsApp" */;
			buildPhases = (
				C12025CD2D37FAB900B453B5 /* Sources */,
				C12025CE2D37FAB900B453B5 /* Frameworks */,
				C12025CF2D37FAB900B453B5 /* Resources */,
			);
			buildRules = (
			);
			dependencies = (
			);
			fileSystemSynchronizedGroups = (
				C12025D32D37FAB900B453B5 /* LogisticsApp */,
			);
			name = LogisticsApp;
			packageProductDependencies = (
				C1A5EDA42D3BE2B5007E3F74 /* GoogleSignIn */,
				C1A5EDA62D3BE2B5007E3F74 /* GoogleSignInSwift */,
				C1A5EDDD2D3BFBBC007E3F74 /* GoogleAPIClientForRESTCore */,
				C1A5EDDF2D3BFBBC007E3F74 /* GoogleAPIClientForREST_ACMEDNS */,
				C1A5EDE12D3BFBBC007E3F74 /* GoogleAPIClientForREST_AIPlatformNotebooks */,
				C1A5EDE32D3BFBBC007E3F74 /* GoogleAPIClientForREST_APIGateway */,
				C1A5EDE52D3BFBBC007E3F74 /* GoogleAPIClientForREST_APIManagement */,
			);
			productName = LogisticsApp;
			productReference = C12025D12D37FAB900B453B5 /* LogisticsApp.app */;
			productType = "com.apple.product-type.application";
		};
/* End PBXNativeTarget section */

/* Begin PBXProject section */
		C12025C92D37FAB900B453B5 /* Project object */ = {
			isa = PBXProject;
			attributes = {
				BuildIndependentTargetsInParallel = 1;
				LastSwiftUpdateCheck = 1600;
				LastUpgradeCheck = 1600;
				TargetAttributes = {
					C12025D02D37FAB900B453B5 = {
						CreatedOnToolsVersion = 16.0;
					};
				};
			};
			buildConfigurationList = C12025CC2D37FAB900B453B5 /* Build configuration list for PBXProject "LogisticsApp" */;
			developmentRegion = en;
			hasScannedForEncodings = 0;
			knownRegions = (
				en,
				Base,
			);
			mainGroup = C12025C82D37FAB900B453B5;
			minimizedProjectReferenceProxies = 1;
			packageReferences = (
				C1A5EDA32D3BE2B5007E3F74 /* XCRemoteSwiftPackageReference "GoogleSignIn-iOS" */,
				C1A5EDDC2D3BFBBC007E3F74 /* XCRemoteSwiftPackageReference "google-api-objectivec-client-for-rest" */,
			);
			preferredProjectObjectVersion = 77;
			productRefGroup = C12025D22D37FAB900B453B5 /* Products */;
			projectDirPath = "";
			projectRoot = "";
			targets = (
				C12025D02D37FAB900B453B5 /* LogisticsApp */,
			);
		};
/* End PBXProject section */

/* Begin PBXResourcesBuildPhase section */
		C12025CF2D37FAB900B453B5 /* Resources */ = {
			isa = PBXResourcesBuildPhase;
			buildActionMask = 2147483647;
			files = (
			);
			runOnlyForDeploymentPostprocessing = 0;
		};
/* End PBXResourcesBuildPhase section */

/* Begin PBXSourcesBuildPhase section */
		C12025CD2D37FAB900B453B5 /* Sources */ = {
			isa = PBXSourcesBuildPhase;
			buildActionMask = 2147483647;
			files = (
			);
			runOnlyForDeploymentPostprocessing = 0;
		};
/* End PBXSourcesBuildPhase section */

/* Begin XCBuildConfiguration section */
		C12025E52D37FABD00B453B5 /* Debug */ = {
			isa = XCBuildConfiguration;
			buildSettings = {
				ASSETCATALOG_COMPILER_APPICON_NAME = AppIcon;
				ASSETCATALOG_COMPILER_GLOBAL_ACCENT_COLOR_NAME = AccentColor;
				CODE_SIGN_STYLE = Automatic;
				CURRENT_PROJECT_VERSION = 1;
				DEVELOPMENT_TEAM = A59H7Q366Y;
				GENERATE_INFOPLIST_FILE = YES;
				INFOPLIST_FILE = LogisticsApp/Info.plist;
				INFOPLIST_KEY_UIApplicationSupportsIndirectInputEvents = YES;
				INFOPLIST_KEY_UILaunchStoryboardName = LaunchScreen;
				INFOPLIST_KEY_UIMainStoryboardFile = "";
				INFOPLIST_KEY_UISupportedInterfaceOrientations_iPad = "UIInterfaceOrientationPortrait UIInterfaceOrientationPortraitUpsideDown UIInterfaceOrientationLandscapeLeft UIInterfaceOrientationLandscapeRight";
				INFOPLIST_KEY_UISupportedInterfaceOrientations_iPhone = "UIInterfaceOrientationPortrait UIInterfaceOrientationLandscapeLeft UIInterfaceOrientationLandscapeRight";
				IPHONEOS_DEPLOYMENT_TARGET = 16.6;
				LD_RUNPATH_SEARCH_PATHS = (
					"$(inherited)",
					"@executable_path/Frameworks",
				);
				MARKETING_VERSION = 1.0;
				PRODUCT_BUNDLE_IDENTIFIER = Academy.LogisticsApp;
				PRODUCT_NAME = "$(TARGET_NAME)";
				SWIFT_EMIT_LOC_STRINGS = YES;
				SWIFT_VERSION = 5.0;
				TARGETED_DEVICE_FAMILY = "1,2";
			};
			name = Debug;
		};
		C12025E62D37FABD00B453B5 /* Release */ = {
			isa = XCBuildConfiguration;
			buildSettings = {
				ASSETCATALOG_COMPILER_APPICON_NAME = AppIcon;
				ASSETCATALOG_COMPILER_GLOBAL_ACCENT_COLOR_NAME = AccentColor;
				CODE_SIGN_STYLE = Automatic;
				CURRENT_PROJECT_VERSION = 1;
				DEVELOPMENT_TEAM = A59H7Q366Y;
				GENERATE_INFOPLIST_FILE = YES;
				INFOPLIST_FILE = LogisticsApp/Info.plist;
				INFOPLIST_KEY_UIApplicationSupportsIndirectInputEvents = YES;
				INFOPLIST_KEY_UILaunchStoryboardName = LaunchScreen;
				INFOPLIST_KEY_UIMainStoryboardFile = "";
				INFOPLIST_KEY_UISupportedInterfaceOrientations_iPad = "UIInterfaceOrientationPortrait UIInterfaceOrientationPortraitUpsideDown UIInterfaceOrientationLandscapeLeft UIInterfaceOrientationLandscapeRight";
				INFOPLIST_KEY_UISupportedInterfaceOrientations_iPhone = "UIInterfaceOrientationPortrait UIInterfaceOrientationLandscapeLeft UIInterfaceOrientationLandscapeRight";
				IPHONEOS_DEPLOYMENT_TARGET = 16.6;
				LD_RUNPATH_SEARCH_PATHS = (
					"$(inherited)",
					"@executable_path/Frameworks",
				);
				MARKETING_VERSION = 1.0;
				PRODUCT_BUNDLE_IDENTIFIER = Academy.LogisticsApp;
				PRODUCT_NAME = "$(TARGET_NAME)";
				SWIFT_EMIT_LOC_STRINGS = YES;
				SWIFT_VERSION = 5.0;
				TARGETED_DEVICE_FAMILY = "1,2";
			};
			name = Release;
		};
		C12025E72D37FABD00B453B5 /* Debug */ = {
			isa = XCBuildConfiguration;
			buildSettings = {
				ALWAYS_SEARCH_USER_PATHS = NO;
				ASSETCATALOG_COMPILER_GENERATE_SWIFT_ASSET_SYMBOL_EXTENSIONS = YES;
				CLANG_ANALYZER_NONNULL = YES;
				CLANG_ANALYZER_NUMBER_OBJECT_CONVERSION = YES_AGGRESSIVE;
				CLANG_CXX_LANGUAGE_STANDARD = "gnu++20";
				CLANG_ENABLE_MODULES = YES;
				CLANG_ENABLE_OBJC_ARC = YES;
				CLANG_ENABLE_OBJC_WEAK = YES;
				CLANG_WARN_BLOCK_CAPTURE_AUTORELEASING = YES;
				CLANG_WARN_BOOL_CONVERSION = YES;
				CLANG_WARN_COMMA = YES;
				CLANG_WARN_CONSTANT_CONVERSION = YES;
				CLANG_WARN_DEPRECATED_OBJC_IMPLEMENTATIONS = YES;
				CLANG_WARN_DIRECT_OBJC_ISA_USAGE = YES_ERROR;
				CLANG_WARN_DOCUMENTATION_COMMENTS = YES;
				CLANG_WARN_EMPTY_BODY = YES;
				CLANG_WARN_ENUM_CONVERSION = YES;
				CLANG_WARN_INFINITE_RECURSION = YES;
				CLANG_WARN_INT_CONVERSION = YES;
				CLANG_WARN_NON_LITERAL_NULL_CONVERSION = YES;
				CLANG_WARN_OBJC_IMPLICIT_RETAIN_SELF = YES;
				CLANG_WARN_OBJC_LITERAL_CONVERSION = YES;
				CLANG_WARN_OBJC_ROOT_CLASS = YES_ERROR;
				CLANG_WARN_QUOTED_INCLUDE_IN_FRAMEWORK_HEADER = YES;
				CLANG_WARN_RANGE_LOOP_ANALYSIS = YES;
				CLANG_WARN_STRICT_PROTOTYPES = YES;
				CLANG_WARN_SUSPICIOUS_MOVE = YES;
				CLANG_WARN_UNGUARDED_AVAILABILITY = YES_AGGRESSIVE;
				CLANG_WARN_UNREACHABLE_CODE = YES;
				CLANG_WARN__DUPLICATE_METHOD_MATCH = YES;
				COPY_PHASE_STRIP = NO;
				DEBUG_INFORMATION_FORMAT = dwarf;
				ENABLE_STRICT_OBJC_MSGSEND = YES;
				ENABLE_TESTABILITY = YES;
				ENABLE_USER_SCRIPT_SANDBOXING = YES;
				GCC_C_LANGUAGE_STANDARD = gnu17;
				GCC_DYNAMIC_NO_PIC = NO;
				GCC_NO_COMMON_BLOCKS = YES;
				GCC_OPTIMIZATION_LEVEL = 0;
				GCC_PREPROCESSOR_DEFINITIONS = (
					"DEBUG=1",
					"$(inherited)",
				);
				GCC_WARN_64_TO_32_BIT_CONVERSION = YES;
				GCC_WARN_ABOUT_RETURN_TYPE = YES_ERROR;
				GCC_WARN_UNDECLARED_SELECTOR = YES;
				GCC_WARN_UNINITIALIZED_AUTOS = YES_AGGRESSIVE;
				GCC_WARN_UNUSED_FUNCTION = YES;
				GCC_WARN_UNUSED_VARIABLE = YES;
				IPHONEOS_DEPLOYMENT_TARGET = 18.0;
				LOCALIZATION_PREFERS_STRING_CATALOGS = YES;
				MTL_ENABLE_DEBUG_INFO = INCLUDE_SOURCE;
				MTL_FAST_MATH = YES;
				ONLY_ACTIVE_ARCH = YES;
				SDKROOT = iphoneos;
				SWIFT_ACTIVE_COMPILATION_CONDITIONS = "DEBUG $(inherited)";
				SWIFT_OPTIMIZATION_LEVEL = "-Onone";
			};
			name = Debug;
		};
		C12025E82D37FABD00B453B5 /* Release */ = {
			isa = XCBuildConfiguration;
			buildSettings = {
				ALWAYS_SEARCH_USER_PATHS = NO;
				ASSETCATALOG_COMPILER_GENERATE_SWIFT_ASSET_SYMBOL_EXTENSIONS = YES;
				CLANG_ANALYZER_NONNULL = YES;
				CLANG_ANALYZER_NUMBER_OBJECT_CONVERSION = YES_AGGRESSIVE;
				CLANG_CXX_LANGUAGE_STANDARD = "gnu++20";
				CLANG_ENABLE_MODULES = YES;
				CLANG_ENABLE_OBJC_ARC = YES;
				CLANG_ENABLE_OBJC_WEAK = YES;
				CLANG_WARN_BLOCK_CAPTURE_AUTORELEASING = YES;
				CLANG_WARN_BOOL_CONVERSION = YES;
				CLANG_WARN_COMMA = YES;
				CLANG_WARN_CONSTANT_CONVERSION = YES;
				CLANG_WARN_DEPRECATED_OBJC_IMPLEMENTATIONS = YES;
				CLANG_WARN_DIRECT_OBJC_ISA_USAGE = YES_ERROR;
				CLANG_WARN_DOCUMENTATION_COMMENTS = YES;
				CLANG_WARN_EMPTY_BODY = YES;
				CLANG_WARN_ENUM_CONVERSION = YES;
				CLANG_WARN_INFINITE_RECURSION = YES;
				CLANG_WARN_INT_CONVERSION = YES;
				CLANG_WARN_NON_LITERAL_NULL_CONVERSION = YES;
				CLANG_WARN_OBJC_IMPLICIT_RETAIN_SELF = YES;
				CLANG_WARN_OBJC_LITERAL_CONVERSION = YES;
				CLANG_WARN_OBJC_ROOT_CLASS = YES_ERROR;
				CLANG_WARN_QUOTED_INCLUDE_IN_FRAMEWORK_HEADER = YES;
				CLANG_WARN_RANGE_LOOP_ANALYSIS = YES;
				CLANG_WARN_STRICT_PROTOTYPES = YES;
				CLANG_WARN_SUSPICIOUS_MOVE = YES;
				CLANG_WARN_UNGUARDED_AVAILABILITY = YES_AGGRESSIVE;
				CLANG_WARN_UNREACHABLE_CODE = YES;
				CLANG_WARN__DUPLICATE_METHOD_MATCH = YES;
				COPY_PHASE_STRIP = NO;
				DEBUG_INFORMATION_FORMAT = "dwarf-with-dsym";
				ENABLE_NS_ASSERTIONS = NO;
				ENABLE_STRICT_OBJC_MSGSEND = YES;
				ENABLE_USER_SCRIPT_SANDBOXING = YES;
				GCC_C_LANGUAGE_STANDARD = gnu17;
				GCC_NO_COMMON_BLOCKS = YES;
				GCC_WARN_64_TO_32_BIT_CONVERSION = YES;
				GCC_WARN_ABOUT_RETURN_TYPE = YES_ERROR;
				GCC_WARN_UNDECLARED_SELECTOR = YES;
				GCC_WARN_UNINITIALIZED_AUTOS = YES_AGGRESSIVE;
				GCC_WARN_UNUSED_FUNCTION = YES;
				GCC_WARN_UNUSED_VARIABLE = YES;
				IPHONEOS_DEPLOYMENT_TARGET = 18.0;
				LOCALIZATION_PREFERS_STRING_CATALOGS = YES;
				MTL_ENABLE_DEBUG_INFO = NO;
				MTL_FAST_MATH = YES;
				SDKROOT = iphoneos;
				SWIFT_COMPILATION_MODE = wholemodule;
				VALIDATE_PRODUCT = YES;
			};
			name = Release;
		};
/* End XCBuildConfiguration section */

/* Begin XCConfigurationList section */
		C12025CC2D37FAB900B453B5 /* Build configuration list for PBXProject "LogisticsApp" */ = {
			isa = XCConfigurationList;
			buildConfigurations = (
				C12025E72D37FABD00B453B5 /* Debug */,
				C12025E82D37FABD00B453B5 /* Release */,
			);
			defaultConfigurationIsVisible = 0;
			defaultConfigurationName = Release;
		};
		C12025E42D37FABD00B453B5 /* Build configuration list for PBXNativeTarget "LogisticsApp" */ = {
			isa = XCConfigurationList;
			buildConfigurations = (
				C12025E52D37FABD00B453B5 /* Debug */,
				C12025E62D37FABD00B453B5 /* Release */,
			);
			defaultConfigurationIsVisible = 0;
			defaultConfigurationName = Release;
		};
/* End XCConfigurationList section */

/* Begin XCRemoteSwiftPackageReference section */
		C1A5EDA32D3BE2B5007E3F74 /* XCRemoteSwiftPackageReference "GoogleSignIn-iOS" */ = {
			isa = XCRemoteSwiftPackageReference;
			repositoryURL = "https://github.com/google/GoogleSignIn-iOS";
			requirement = {
				kind = upToNextMajorVersion;
				minimumVersion = 8.0.0;
			};
		};
		C1A5EDDC2D3BFBBC007E3F74 /* XCRemoteSwiftPackageReference "google-api-objectivec-client-for-rest" */ = {
			isa = XCRemoteSwiftPackageReference;
			repositoryURL = "https://github.com/google/google-api-objectivec-client-for-rest.git";
			requirement = {
				branch = main;
				kind = branch;
			};
		};
/* End XCRemoteSwiftPackageReference section */

/* Begin XCSwiftPackageProductDependency section */
		C1A5EDA42D3BE2B5007E3F74 /* GoogleSignIn */ = {
			isa = XCSwiftPackageProductDependency;
			package = C1A5EDA32D3BE2B5007E3F74 /* XCRemoteSwiftPackageReference "GoogleSignIn-iOS" */;
			productName = GoogleSignIn;
		};
		C1A5EDA62D3BE2B5007E3F74 /* GoogleSignInSwift */ = {
			isa = XCSwiftPackageProductDependency;
			package = C1A5EDA32D3BE2B5007E3F74 /* XCRemoteSwiftPackageReference "GoogleSignIn-iOS" */;
			productName = GoogleSignInSwift;
		};
		C1A5EDDD2D3BFBBC007E3F74 /* GoogleAPIClientForRESTCore */ = {
			isa = XCSwiftPackageProductDependency;
			package = C1A5EDDC2D3BFBBC007E3F74 /* XCRemoteSwiftPackageReference "google-api-objectivec-client-for-rest" */;
			productName = GoogleAPIClientForRESTCore;
		};
		C1A5EDDF2D3BFBBC007E3F74 /* GoogleAPIClientForREST_ACMEDNS */ = {
			isa = XCSwiftPackageProductDependency;
			package = C1A5EDDC2D3BFBBC007E3F74 /* XCRemoteSwiftPackageReference "google-api-objectivec-client-for-rest" */;
			productName = GoogleAPIClientForREST_ACMEDNS;
		};
		C1A5EDE12D3BFBBC007E3F74 /* GoogleAPIClientForREST_AIPlatformNotebooks */ = {
			isa = XCSwiftPackageProductDependency;
			package = C1A5EDDC2D3BFBBC007E3F74 /* XCRemoteSwiftPackageReference "google-api-objectivec-client-for-rest" */;
			productName = GoogleAPIClientForREST_AIPlatformNotebooks;
		};
		C1A5EDE32D3BFBBC007E3F74 /* GoogleAPIClientForREST_APIGateway */ = {
			isa = XCSwiftPackageProductDependency;
			package = C1A5EDDC2D3BFBBC007E3F74 /* XCRemoteSwiftPackageReference "google-api-objectivec-client-for-rest" */;
			productName = GoogleAPIClientForREST_APIGateway;
		};
		C1A5EDE52D3BFBBC007E3F74 /* GoogleAPIClientForREST_APIManagement */ = {
			isa = XCSwiftPackageProductDependency;
			package = C1A5EDDC2D3BFBBC007E3F74 /* XCRemoteSwiftPackageReference "google-api-objectivec-client-for-rest" */;
			productName = GoogleAPIClientForREST_APIManagement;
		};
/* End XCSwiftPackageProductDependency section */
	};
	rootObject = C12025C92D37FAB900B453B5 /* Project object */;
}
